
Microsoft Visual Studio Solution File, Format Version 12.00
# Visual Studio Version 17
VisualStudioVersion = 17.14.36301.6
MinimumVisualStudioVersion = 10.0.40219.1
Project("{2150E333-8FDC-42A3-9474-1A3956D46DE8}") = "Solution Items", "Solution Items", "{8EC462FD-D22E-90A8-E5CE-7E832BA40C5D}"
	ProjectSection(SolutionItems) = preProject
		.github\copilot-instructions.md = .github\copilot-instructions.md
		README.md = README.md
	EndProjectSection
EndProject
Project("{FAE04EC0-301F-11D3-BF4B-00C04F79EFBC}") = "CrudeTemplate", "CrudeTemplate\CrudeTemplate.csproj", "{95C3D3F9-4209-472C-8FC3-389478853709}"
EndProject
Project("{FAE04EC0-301F-11D3-BF4B-00C04F79EFBC}") = "CrudeTemplate.Tests", "CrudeTemplate.Tests\CrudeTemplate.Tests.csproj", "{A181F176-2927-4356-9631-BC228939DEB5}"
EndProject
Global
	GlobalSection(SolutionConfigurationPlatforms) = preSolution
		Debug|Any CPU = Debug|Any CPU
		Release|Any CPU = Release|Any CPU
	EndGlobalSection
	GlobalSection(ProjectConfigurationPlatforms) = postSolution
		{95C3D3F9-4209-472C-8FC3-389478853709}.Debug|Any CPU.ActiveCfg = Debug|Any CPU
		{95C3D3F9-4209-472C-8FC3-389478853709}.Debug|Any CPU.Build.0 = Debug|Any CPU
		{95C3D3F9-4209-472C-8FC3-389478853709}.Release|Any CPU.ActiveCfg = Release|Any CPU
		{95C3D3F9-4209-472C-8FC3-389478853709}.Release|Any CPU.Build.0 = Release|Any CPU
		{A181F176-2927-4356-9631-BC228939DEB5}.Debug|Any CPU.ActiveCfg = Debug|Any CPU
		{A181F176-2927-4356-9631-BC228939DEB5}.Debug|Any CPU.Build.0 = Debug|Any CPU
		{A181F176-2927-4356-9631-BC228939DEB5}.Release|Any CPU.ActiveCfg = Release|Any CPU
		{A181F176-2927-4356-9631-BC228939DEB5}.Release|Any CPU.Build.0 = Release|Any CPU
	EndGlobalSection
	GlobalSection(SolutionProperties) = preSolution
		HideSolutionNode = FALSE
	EndGlobalSection
	GlobalSection(ExtensibilityGlobals) = postSolution
		SolutionGuid = {EC75C5D6-59B4-4EC8-9365-22B2037AE251}
	EndGlobalSection
EndGlobal
